
Microsoft Visual Studio Solution File, Format Version 12.00
# Visual Studio Version 17
VisualStudioVersion = 17.5.33414.496
MinimumVisualStudioVersion = 10.0.40219.1
Project("{FAE04EC0-301F-11D3-BF4B-00C04F79EFBC}") = "PBO modul", "PBO modul\PBO modul.csproj", "{FEE1626B-F16C-4345-9345-4E512B559D12}"
EndProject
Global
	GlobalSection(SolutionConfigurationPlatforms) = preSolution
		Debug|Any CPU = Debug|Any CPU
		Release|Any CPU = Release|Any CPU
	EndGlobalSection
	GlobalSection(ProjectConfigurationPlatforms) = postSolution
		{FEE1626B-F16C-4345-9345-4E512B559D12}.Debug|Any CPU.ActiveCfg = Debug|Any CPU
		{FEE1626B-F16C-4345-9345-4E512B559D12}.Debug|Any CPU.Build.0 = Debug|Any CPU
		{FEE1626B-F16C-4345-9345-4E512B559D12}.Release|Any CPU.ActiveCfg = Release|Any CPU
		{FEE1626B-F16C-4345-9345-4E512B559D12}.Release|Any CPU.Build.0 = Release|Any CPU
	EndGlobalSection
	GlobalSection(SolutionProperties) = preSolution
		HideSolutionNode = FALSE
	EndGlobalSection
	GlobalSection(ExtensibilityGlobals) = postSolution
		SolutionGuid = {7ACAEC50-A8C7-4715-93E0-B23415824D81}
	EndGlobalSection
EndGlobal
